
Microsoft Visual Studio Solution File, Format Version 12.00
# Visual Studio 15
VisualStudioVersion = 15.0.28307.852
MinimumVisualStudioVersion = 10.0.40219.1
Project("{FAE04EC0-301F-11D3-BF4B-00C04F79EFBC}") = "CoinToss", "CoinToss\CoinToss.csproj", "{FBA17888-CD97-4383-8A5B-A1B0B0872B06}"
EndProject
Global
	GlobalSection(SolutionConfigurationPlatforms) = preSolution
		Debug|Any CPU = Debug|Any CPU
		Release|Any CPU = Release|Any CPU
	EndGlobalSection
	GlobalSection(ProjectConfigurationPlatforms) = postSolution
		{FBA17888-CD97-4383-8A5B-A1B0B0872B06}.Debug|Any CPU.ActiveCfg = Debug|Any CPU
		{FBA17888-CD97-4383-8A5B-A1B0B0872B06}.Debug|Any CPU.Build.0 = Debug|Any CPU
		{FBA17888-CD97-4383-8A5B-A1B0B0872B06}.Release|Any CPU.ActiveCfg = Release|Any CPU
		{FBA17888-CD97-4383-8A5B-A1B0B0872B06}.Release|Any CPU.Build.0 = Release|Any CPU
	EndGlobalSection
	GlobalSection(SolutionProperties) = preSolution
		HideSolutionNode = FALSE
	EndGlobalSection
	GlobalSection(ExtensibilityGlobals) = postSolution
		SolutionGuid = {5993DB5E-45C3-4A89-B479-16C65A57B7EF}
	EndGlobalSection
EndGlobal
